// !$*UTF8*$!
{
	archiveVersion = 1;
	classes = {
	};
	objectVersion = 46;
	objects = {

/* Begin PBXBuildFile section */
		77012F301BAC566D001D282A /* AppDelegate.swift in Sources */ = {isa = PBXBuildFile; fileRef = 77012F2F1BAC566D001D282A /* AppDelegate.swift */; };
		77012F321BAC566D001D282A /* ViewController.swift in Sources */ = {isa = PBXBuildFile; fileRef = 77012F311BAC566D001D282A /* ViewController.swift */; };
		77012F351BAC566D001D282A /* Main.storyboard in Resources */ = {isa = PBXBuildFile; fileRef = 77012F331BAC566D001D282A /* Main.storyboard */; };
		77012F371BAC566D001D282A /* Assets.xcassets in Resources */ = {isa = PBXBuildFile; fileRef = 77012F361BAC566D001D282A /* Assets.xcassets */; };
		77012F3A1BAC566D001D282A /* LaunchScreen.storyboard in Resources */ = {isa = PBXBuildFile; fileRef = 77012F381BAC566D001D282A /* LaunchScreen.storyboard */; };
/* End PBXBuildFile section */

/* Begin PBXContainerItemProxy section */
		77012F411BAC566E001D282A /* PBXContainerItemProxy */ = {
			isa = PBXContainerItemProxy;
			containerPortal = 77012F241BAC566D001D282A /* Project object */;
			proxyType = 1;
			remoteGlobalIDString = 77012F2B1BAC566D001D282A;
			remoteInfo = SwiftDemo;
		};
/* End PBXContainerItemProxy section */

/* Begin PBXFileReference section */
		77012F2C1BAC566D001D282A /* SwiftDemo.app */ = {isa = PBXFileReference; explicitFileType = wrapper.application; includeInIndex = 0; path = SwiftDemo.app; sourceTree = BUILT_PRODUCTS_DIR; };
		77012F2F1BAC566D001D282A /* AppDelegate.swift */ = {isa = PBXFileReference; lastKnownFileType = sourcecode.swift; path = AppDelegate.swift; sourceTree = "<group>"; };
		77012F311BAC566D001D282A /* ViewController.swift */ = {isa = PBXFileReference; lastKnownFileType = sourcecode.swift; path = ViewController.swift; sourceTree = "<group>"; };
		77012F341BAC566D001D282A /* Base */ = {isa = PBXFileReference; lastKnownFileType = file.storyboard; name = Base; path = Base.lproj/Main.storyboard; sourceTree = "<group>"; };
		77012F361BAC566D001D282A /* Assets.xcassets */ = {isa = PBXFileReference; lastKnownFileType = folder.assetcatalog; path = Assets.xcassets; sourceTree = "<group>"; };
		77012F391BAC566D001D282A /* Base */ = {isa = PBXFileReference; lastKnownFileType = file.storyboard; name = Base; path = Base.lproj/LaunchScreen.storyboard; sourceTree = "<group>"; };
		77012F3B1BAC566D001D282A /* Info.plist */ = {isa = PBXFileReference; lastKnownFileType = text.plist.xml; path = Info.plist; sourceTree = "<group>"; };
		77012F401BAC566E001D282A /* SwiftDemoTests.xctest */ = {isa = PBXFileReference; explicitFileType = wrapper.cfbundle; includeInIndex = 0; path = SwiftDemoTests.xctest; sourceTree = BUILT_PRODUCTS_DIR; };
/* End PBXFileReference section */

/* Begin PBXFrameworksBuildPhase section */
		77012F291BAC566D001D282A /* Frameworks */ = {
			isa = PBXFrameworksBuildPhase;
			buildActionMask = 2147483647;
			files = (
			);
			runOnlyForDeploymentPostprocessing = 0;
		};
		77012F3D1BAC566E001D282A /* Frameworks */ = {
			isa = PBXFrameworksBuildPhase;
			buildActionMask = 2147483647;
			files = (
			);
			runOnlyForDeploymentPostprocessing = 0;
		};
/* End PBXFrameworksBuildPhase section */

/* Begin PBXGroup section */
		77012F231BAC566D001D282A = {
			isa = PBXGroup;
			children = (
				77012F2E1BAC566D001D282A /* SwiftDemo */,
				77012F2D1BAC566D001D282A /* Products */,
			);
			sourceTree = "<group>";
		};
		77012F2D1BAC566D001D282A /* Products */ = {
			isa = PBXGroup;
			children = (
				77012F2C1BAC566D001D282A /* SwiftDemo.app */,
				77012F401BAC566E001D282A /* SwiftDemoTests.xctest */,
			);
			name = Products;
			sourceTree = "<group>";
		};
		77012F2E1BAC566D001D282A /* SwiftDemo */ = {
			isa = PBXGroup;
			children = (
				77012F2F1BAC566D001D282A /* AppDelegate.swift */,
				77012F311BAC566D001D282A /* ViewController.swift */,
				77012F331BAC566D001D282A /* Main.storyboard */,
				77012F361BAC566D001D282A /* Assets.xcassets */,
				77012F381BAC566D001D282A /* LaunchScreen.storyboard */,
				77012F3B1BAC566D001D282A /* Info.plist */,
			);
			path = SwiftDemo;
			sourceTree = "<group>";
		};
/* End PBXGroup section */

/* Begin PBXNativeTarget section */
		77012F2B1BAC566D001D282A /* SwiftDemo */ = {
			isa = PBXNativeTarget;
			buildConfigurationList = 77012F491BAC566E001D282A /* Build configuration list for PBXNativeTarget "SwiftDemo" */;
			buildPhases = (
				77012F281BAC566D001D282A /* Sources */,
				77012F291BAC566D001D282A /* Frameworks */,
				77012F2A1BAC566D001D282A /* Resources */,
			);
			buildRules = (
			);
			dependencies = (
			);
			name = SwiftDemo;
			productName = SwiftDemo;
			productReference = 77012F2C1BAC566D001D282A /* SwiftDemo.app */;
			productType = "com.apple.product-type.application";
		};
		77012F3F1BAC566E001D282A /* SwiftDemoTests */ = {
			isa = PBXNativeTarget;
			buildConfigurationList = 77012F4C1BAC566E001D282A /* Build configuration list for PBXNativeTarget "SwiftDemoTests" */;
			buildPhases = (
				77012F3C1BAC566E001D282A /* Sources */,
				77012F3D1BAC566E001D282A /* Frameworks */,
				77012F3E1BAC566E001D282A /* Resources */,
			);
			buildRules = (
			);
			dependencies = (
				77012F421BAC566E001D282A /* PBXTargetDependency */,
			);
			name = SwiftDemoTests;
			productName = SwiftDemoTests;
			productReference = 77012F401BAC566E001D282A /* SwiftDemoTests.xctest */;
			productType = "com.apple.product-type.bundle.unit-test";
		};
/* End PBXNativeTarget section */

/* Begin PBXProject section */
		77012F241BAC566D001D282A /* Project object */ = {
			isa = PBXProject;
			attributes = {
				LastUpgradeCheck = 0700;
				ORGANIZATIONNAME = "First Performance Global";
				TargetAttributes = {
					77012F2B1BAC566D001D282A = {
						CreatedOnToolsVersion = 7.0;
						LastSwiftMigration = 0800;
					};
					77012F3F1BAC566E001D282A = {
						CreatedOnToolsVersion = 7.0;
						TestTargetID = 77012F2B1BAC566D001D282A;
					};
				};
			};
			buildConfigurationList = 77012F271BAC566D001D282A /* Build configuration list for PBXProject "SwiftDemo" */;
			compatibilityVersion = "Xcode 3.2";
			developmentRegion = English;
			hasScannedForEncodings = 0;
			knownRegions = (
				en,
				Base,
			);
			mainGroup = 77012F231BAC566D001D282A;
			productRefGroup = 77012F2D1BAC566D001D282A /* Products */;
			projectDirPath = "";
			projectRoot = "";
			targets = (
				77012F2B1BAC566D001D282A /* SwiftDemo */,
				77012F3F1BAC566E001D282A /* SwiftDemoTests */,
			);
		};
/* End PBXProject section */

/* Begin PBXResourcesBuildPhase section */
		77012F2A1BAC566D001D282A /* Resources */ = {
			isa = PBXResourcesBuildPhase;
			buildActionMask = 2147483647;
			files = (
				77012F3A1BAC566D001D282A /* LaunchScreen.storyboard in Resources */,
				77012F371BAC566D001D282A /* Assets.xcassets in Resources */,
				77012F351BAC566D001D282A /* Main.storyboard in Resources */,
			);
			runOnlyForDeploymentPostprocessing = 0;
		};
		77012F3E1BAC566E001D282A /* Resources */ = {
			isa = PBXResourcesBuildPhase;
			buildActionMask = 2147483647;
			files = (
			);
			runOnlyForDeploymentPostprocessing = 0;
		};
/* End PBXResourcesBuildPhase section */

/* Begin PBXSourcesBuildPhase section */
		77012F281BAC566D001D282A /* Sources */ = {
			isa = PBXSourcesBuildPhase;
			buildActionMask = 2147483647;
			files = (
				77012F321BAC566D001D282A /* ViewController.swift in Sources */,
				77012F301BAC566D001D282A /* AppDelegate.swift in Sources */,
			);
			runOnlyForDeploymentPostprocessing = 0;
		};
		77012F3C1BAC566E001D282A /* Sources */ = {
			isa = PBXSourcesBuildPhase;
			buildActionMask = 2147483647;
			files = (
			);
			runOnlyForDeploymentPostprocessing = 0;
		};
/* End PBXSourcesBuildPhase section */

/* Begin PBXTargetDependency section */
		77012F421BAC566E001D282A /* PBXTargetDependency */ = {
			isa = PBXTargetDependency;
			target = 77012F2B1BAC566D001D282A /* SwiftDemo */;
			targetProxy = 77012F411BAC566E001D282A /* PBXContainerItemProxy */;
		};
/* End PBXTargetDependency section */

/* Begin PBXVariantGroup section */
		77012F331BAC566D001D282A /* Main.storyboard */ = {
			isa = PBXVariantGroup;
			children = (
				77012F341BAC566D001D282A /* Base */,
			);
			name = Main.storyboard;
			sourceTree = "<group>";
		};
		77012F381BAC566D001D282A /* LaunchScreen.storyboard */ = {
			isa = PBXVariantGroup;
			children = (
				77012F391BAC566D001D282A /* Base */,
			);
			name = LaunchScreen.storyboard;
			sourceTree = "<group>";
		};
/* End PBXVariantGroup section */

/* Begin XCBuildConfiguration section */
		77012F471BAC566E001D282A /* Debug */ = {
			isa = XCBuildConfiguration;
			buildSettings = {
				ALWAYS_SEARCH_USER_PATHS = NO;
				CLANG_CXX_LANGUAGE_STANDARD = "gnu++0x";
				CLANG_CXX_LIBRARY = "libc++";
				CLANG_ENABLE_MODULES = YES;
				CLANG_ENABLE_OBJC_ARC = YES;
				CLANG_WARN_BOOL_CONVERSION = YES;
				CLANG_WARN_CONSTANT_CONVERSION = YES;
				CLANG_WARN_DIRECT_OBJC_ISA_USAGE = YES_ERROR;
				CLANG_WARN_EMPTY_BODY = YES;
				CLANG_WARN_ENUM_CONVERSION = YES;
				CLANG_WARN_INT_CONVERSION = YES;
				CLANG_WARN_OBJC_ROOT_CLASS = YES_ERROR;
				CLANG_WARN_UNREACHABLE_CODE = YES;
				CLANG_WARN__DUPLICATE_METHOD_MATCH = YES;
				"CODE_SIGN_IDENTITY[sdk=iphoneos*]" = "iPhone Developer";
				COPY_PHASE_STRIP = NO;
				DEBUG_INFORMATION_FORMAT = dwarf;
				ENABLE_STRICT_OBJC_MSGSEND = YES;
				ENABLE_TESTABILITY = YES;
				GCC_C_LANGUAGE_STANDARD = gnu99;
				GCC_DYNAMIC_NO_PIC = NO;
				GCC_NO_COMMON_BLOCKS = YES;
				GCC_OPTIMIZATION_LEVEL = 0;
				GCC_PREPROCESSOR_DEFINITIONS = (
					"DEBUG=1",
					"$(inherited)",
				);
				GCC_WARN_64_TO_32_BIT_CONVERSION = YES;
				GCC_WARN_ABOUT_RETURN_TYPE = YES_ERROR;
				GCC_WARN_UNDECLARED_SELECTOR = YES;
				GCC_WARN_UNINITIALIZED_AUTOS = YES_AGGRESSIVE;
				GCC_WARN_UNUSED_FUNCTION = YES;
				GCC_WARN_UNUSED_VARIABLE = YES;
				IPHONEOS_DEPLOYMENT_TARGET = 9.0;
				MTL_ENABLE_DEBUG_INFO = YES;
				ONLY_ACTIVE_ARCH = YES;
				SDKROOT = iphoneos;
				SWIFT_OPTIMIZATION_LEVEL = "-Onone";
				TARGETED_DEVICE_FAMILY = "1,2";
			};
			name = Debug;
		};
		77012F481BAC566E001D282A /* Release */ = {
			isa = XCBuildConfiguration;
			buildSettings = {
				ALWAYS_SEARCH_USER_PATHS = NO;
				CLANG_CXX_LANGUAGE_STANDARD = "gnu++0x";
				CLANG_CXX_LIBRARY = "libc++";
				CLANG_ENABLE_MODULES = YES;
				CLANG_ENABLE_OBJC_ARC = YES;
				CLANG_WARN_BOOL_CONVERSION = YES;
				CLANG_WARN_CONSTANT_CONVERSION = YES;
				CLANG_WARN_DIRECT_OBJC_ISA_USAGE = YES_ERROR;
				CLANG_WARN_EMPTY_BODY = YES;
				CLANG_WARN_ENUM_CONVERSION = YES;
				CLANG_WARN_INT_CONVERSION = YES;
				CLANG_WARN_OBJC_ROOT_CLASS = YES_ERROR;
				CLANG_WARN_UNREACHABLE_CODE = YES;
				CLANG_WARN__DUPLICATE_METHOD_MATCH = YES;
				"CODE_SIGN_IDENTITY[sdk=iphoneos*]" = "iPhone Developer";
				COPY_PHASE_STRIP = NO;
				DEBUG_INFORMATION_FORMAT = "dwarf-with-dsym";
				ENABLE_NS_ASSERTIONS = NO;
				ENABLE_STRICT_OBJC_MSGSEND = YES;
				GCC_C_LANGUAGE_STANDARD = gnu99;
				GCC_NO_COMMON_BLOCKS = YES;
				GCC_WARN_64_TO_32_BIT_CONVERSION = YES;
				GCC_WARN_ABOUT_RETURN_TYPE = YES_ERROR;
				GCC_WARN_UNDECLARED_SELECTOR = YES;
				GCC_WARN_UNINITIALIZED_AUTOS = YES_AGGRESSIVE;
				GCC_WARN_UNUSED_FUNCTION = YES;
				GCC_WARN_UNUSED_VARIABLE = YES;
				IPHONEOS_DEPLOYMENT_TARGET = 9.0;
				MTL_ENABLE_DEBUG_INFO = NO;
				SDKROOT = iphoneos;
				TARGETED_DEVICE_FAMILY = "1,2";
				VALIDATE_PRODUCT = YES;
			};
			name = Release;
		};
		77012F4A1BAC566E001D282A /* Debug */ = {
			isa = XCBuildConfiguration;
			buildSettings = {
				ASSETCATALOG_COMPILER_APPICON_NAME = AppIcon;
				INFOPLIST_FILE = SwiftDemo/Info.plist;
				LD_RUNPATH_SEARCH_PATHS = "$(inherited) @executable_path/Frameworks";
				PRODUCT_BUNDLE_IDENTIFIER = com.firstperformance.SwiftDemo.VignanSankati;
				PRODUCT_NAME = "$(TARGET_NAME)";
				SWIFT_VERSION = 3.0;
			};
			name = Debug;
		};
		77012F4B1BAC566E001D282A /* Release */ = {
			isa = XCBuildConfiguration;
			buildSettings = {
				ASSETCATALOG_COMPILER_APPICON_NAME = AppIcon;
				INFOPLIST_FILE = SwiftDemo/Info.plist;
				LD_RUNPATH_SEARCH_PATHS = "$(inherited) @executable_path/Frameworks";
				PRODUCT_BUNDLE_IDENTIFIER = com.firstperformance.SwiftDemo.VignanSankati;
				PRODUCT_NAME = "$(TARGET_NAME)";
				SWIFT_VERSION = 3.0;
			};
			name = Release;
		};
		77012F4D1BAC566E001D282A /* Debug */ = {
			isa = XCBuildConfiguration;
			buildSettings = {
				BUNDLE_LOADER = "$(TEST_HOST)";
				INFOPLIST_FILE = SwiftDemoTests/Info.plist;
				LD_RUNPATH_SEARCH_PATHS = "$(inherited) @executable_path/Frameworks @loader_path/Frameworks";
				PRODUCT_BUNDLE_IDENTIFIER = com.firstperformance.SwiftDemoTests;
				PRODUCT_NAME = "$(TARGET_NAME)";
				TEST_HOST = "$(BUILT_PRODUCTS_DIR)/SwiftDemo.app/SwiftDemo";
			};
			name = Debug;
		};
		77012F4E1BAC566E001D282A /* Release */ = {
			isa = XCBuildConfiguration;
			buildSettings = {
				BUNDLE_LOADER = "$(TEST_HOST)";
				INFOPLIST_FILE = SwiftDemoTests/Info.plist;
				LD_RUNPATH_SEARCH_PATHS = "$(inherited) @executable_path/Frameworks @loader_path/Frameworks";
				PRODUCT_BUNDLE_IDENTIFIER = com.firstperformance.SwiftDemoTests;
				PRODUCT_NAME = "$(TARGET_NAME)";
				TEST_HOST = "$(BUILT_PRODUCTS_DIR)/SwiftDemo.app/SwiftDemo";
			};
			name = Release;
		};
/* End XCBuildConfiguration section */

/* Begin XCConfigurationList section */
		77012F271BAC566D001D282A /* Build configuration list for PBXProject "SwiftDemo" */ = {
			isa = XCConfigurationList;
			buildConfigurations = (
				77012F471BAC566E001D282A /* Debug */,
				77012F481BAC566E001D282A /* Release */,
			);
			defaultConfigurationIsVisible = 0;
			defaultConfigurationName = Release;
		};
		77012F491BAC566E001D282A /* Build configuration list for PBXNativeTarget "SwiftDemo" */ = {
			isa = XCConfigurationList;
			buildConfigurations = (
				77012F4A1BAC566E001D282A /* Debug */,
				77012F4B1BAC566E001D282A /* Release */,
			);
			defaultConfigurationIsVisible = 0;
			defaultConfigurationName = Release;
		};
		77012F4C1BAC566E001D282A /* Build configuration list for PBXNativeTarget "SwiftDemoTests" */ = {
			isa = XCConfigurationList;
			buildConfigurations = (
				77012F4D1BAC566E001D282A /* Debug */,
				77012F4E1BAC566E001D282A /* Release */,
			);
			defaultConfigurationIsVisible = 0;
			defaultConfigurationName = Release;
		};
/* End XCConfigurationList section */
	};
	rootObject = 77012F241BAC566D001D282A /* Project object */;
}
